
Microsoft Visual Studio Solution File, Format Version 12.00
# Visual Studio 15
VisualStudioVersion = 15.0.27428.2027
MinimumVisualStudioVersion = 10.0.40219.1
Project("{FAE04EC0-301F-11D3-BF4B-00C04F79EFBC}") = "adov_db_15202", "adov_db_15202.csproj", "{ED5607F7-ABBD-41EA-8489-F50BBF0342EE}"
EndProject
Global
	GlobalSection(SolutionConfigurationPlatforms) = preSolution
		Debug|Any CPU = Debug|Any CPU
		Release|Any CPU = Release|Any CPU
	EndGlobalSection
	GlobalSection(ProjectConfigurationPlatforms) = postSolution
		{ED5607F7-ABBD-41EA-8489-F50BBF0342EE}.Debug|Any CPU.ActiveCfg = Debug|Any CPU
		{ED5607F7-ABBD-41EA-8489-F50BBF0342EE}.Debug|Any CPU.Build.0 = Debug|Any CPU
		{ED5607F7-ABBD-41EA-8489-F50BBF0342EE}.Release|Any CPU.ActiveCfg = Release|Any CPU
		{ED5607F7-ABBD-41EA-8489-F50BBF0342EE}.Release|Any CPU.Build.0 = Release|Any CPU
	EndGlobalSection
	GlobalSection(SolutionProperties) = preSolution
		HideSolutionNode = FALSE
	EndGlobalSection
	GlobalSection(ExtensibilityGlobals) = postSolution
		SolutionGuid = {64D05544-38DD-47FE-AB05-02E3582786B2}
	EndGlobalSection
EndGlobal
